
Microsoft Visual Studio Solution File, Format Version 12.00
# Visual Studio Version 16
VisualStudioVersion = 16.0.31205.134
MinimumVisualStudioVersion = 10.0.40219.1
Project("{9A19103F-16F7-4668-BE54-9A1E7A4F7556}") = "Tienda.COMMON", "Tienda.COMMON\Tienda.COMMON.csproj", "{3FDAA9BF-1D83-4AFF-AEE5-DBF1ABE3653C}"
EndProject
Project("{9A19103F-16F7-4668-BE54-9A1E7A4F7556}") = "Tienda.DAL.MySQL", "Tienda.DAL.MySQL\Tienda.DAL.MySQL.csproj", "{6CAC4EC7-0269-492A-81C2-D2BA98529946}"
EndProject
Project("{9A19103F-16F7-4668-BE54-9A1E7A4F7556}") = "Tienda.DAL.MSSqlServer", "Tienda.DAL.MSSqlServer\Tienda.DAL.MSSqlServer.csproj", "{C2B27F3D-CFF9-4A6E-BFBA-E0A9A4A75B7B}"
EndProject
Project("{9A19103F-16F7-4668-BE54-9A1E7A4F7556}") = "Tienda.Test", "Tienda.Test\Tienda.Test.csproj", "{CC40D126-1886-4C6B-918A-C7CC086FFDDB}"
EndProject
Project("{FAE04EC0-301F-11D3-BF4B-00C04F79EFBC}") = "Tienda.BIZ", "Tienda.BIZ\Tienda.BIZ.csproj", "{6BF717CE-1C3A-4759-9261-BFF67E700F9E}"
EndProject
Global
	GlobalSection(SolutionConfigurationPlatforms) = preSolution
		Debug|Any CPU = Debug|Any CPU
		Release|Any CPU = Release|Any CPU
	EndGlobalSection
	GlobalSection(ProjectConfigurationPlatforms) = postSolution
		{3FDAA9BF-1D83-4AFF-AEE5-DBF1ABE3653C}.Debug|Any CPU.ActiveCfg = Debug|Any CPU
		{3FDAA9BF-1D83-4AFF-AEE5-DBF1ABE3653C}.Debug|Any CPU.Build.0 = Debug|Any CPU
		{3FDAA9BF-1D83-4AFF-AEE5-DBF1ABE3653C}.Release|Any CPU.ActiveCfg = Release|Any CPU
		{3FDAA9BF-1D83-4AFF-AEE5-DBF1ABE3653C}.Release|Any CPU.Build.0 = Release|Any CPU
		{6CAC4EC7-0269-492A-81C2-D2BA98529946}.Debug|Any CPU.ActiveCfg = Debug|Any CPU
		{6CAC4EC7-0269-492A-81C2-D2BA98529946}.Debug|Any CPU.Build.0 = Debug|Any CPU
		{6CAC4EC7-0269-492A-81C2-D2BA98529946}.Release|Any CPU.ActiveCfg = Release|Any CPU
		{6CAC4EC7-0269-492A-81C2-D2BA98529946}.Release|Any CPU.Build.0 = Release|Any CPU
		{C2B27F3D-CFF9-4A6E-BFBA-E0A9A4A75B7B}.Debug|Any CPU.ActiveCfg = Debug|Any CPU
		{C2B27F3D-CFF9-4A6E-BFBA-E0A9A4A75B7B}.Debug|Any CPU.Build.0 = Debug|Any CPU
		{C2B27F3D-CFF9-4A6E-BFBA-E0A9A4A75B7B}.Release|Any CPU.ActiveCfg = Release|Any CPU
		{C2B27F3D-CFF9-4A6E-BFBA-E0A9A4A75B7B}.Release|Any CPU.Build.0 = Release|Any CPU
		{CC40D126-1886-4C6B-918A-C7CC086FFDDB}.Debug|Any CPU.ActiveCfg = Debug|Any CPU
		{CC40D126-1886-4C6B-918A-C7CC086FFDDB}.Debug|Any CPU.Build.0 = Debug|Any CPU
		{CC40D126-1886-4C6B-918A-C7CC086FFDDB}.Release|Any CPU.ActiveCfg = Release|Any CPU
		{CC40D126-1886-4C6B-918A-C7CC086FFDDB}.Release|Any CPU.Build.0 = Release|Any CPU
		{6BF717CE-1C3A-4759-9261-BFF67E700F9E}.Debug|Any CPU.ActiveCfg = Debug|Any CPU
		{6BF717CE-1C3A-4759-9261-BFF67E700F9E}.Debug|Any CPU.Build.0 = Debug|Any CPU
		{6BF717CE-1C3A-4759-9261-BFF67E700F9E}.Release|Any CPU.ActiveCfg = Release|Any CPU
		{6BF717CE-1C3A-4759-9261-BFF67E700F9E}.Release|Any CPU.Build.0 = Release|Any CPU
	EndGlobalSection
	GlobalSection(SolutionProperties) = preSolution
		HideSolutionNode = FALSE
	EndGlobalSection
	GlobalSection(ExtensibilityGlobals) = postSolution
		SolutionGuid = {18D33440-B8BF-4D40-8F5A-0809E938F24A}
	EndGlobalSection
EndGlobal
